lockfileVersion: '9.0'

settings:
  autoInstallPeers: true
  excludeLinksFromLockfile: false

importers:

  .:
    dependencies:
      earcut:
        specifier: ^3.0.1
        version: 3.0.1

packages:

  earcut@3.0.1:
    resolution: {integrity: sha512-0l1/0gOjESMeQyYaK5IDiPNvFeu93Z/cO0TjZh9eZ1vyCtZnA7KMZ8rQggpsJHIbGSdrqYq9OhuveadOVHCshw==}

snapshots:

  earcut@3.0.1: {}
